
Microsoft Visual Studio Solution File, Format Version 12.00
# Visual Studio Version 16
VisualStudioVersion = 16.0.31424.327
MinimumVisualStudioVersion = 10.0.40219.1
Project("{FAE04EC0-301F-11D3-BF4B-00C04F79EFBC}") = "RedisTesting", "RedisTesting.csproj", "{EE4B2B6C-05B4-4C4B-A685-A201DDC4419D}"
EndProject
Project("{2150E333-8FDC-42A3-9474-1A3956D46DE8}") = "Solution Items", "Solution Items", "{85377576-B086-4AD3-AD86-1935E064D645}"
	ProjectSection(SolutionItems) = preProject
		Startup.cs = Startup.cs
	EndProjectSection
EndProject
Project("{FAE04EC0-301F-11D3-BF4B-00C04F79EFBC}") = "RedisWeb", "..\RedisWeb\RedisWeb.csproj", "{7837709B-B6CF-4C1B-9016-4D01B6E4DA2F}"
EndProject
Global
	GlobalSection(SolutionConfigurationPlatforms) = preSolution
		Debug|Any CPU = Debug|Any CPU
		Release|Any CPU = Release|Any CPU
	EndGlobalSection
	GlobalSection(ProjectConfigurationPlatforms) = postSolution
		{EE4B2B6C-05B4-4C4B-A685-A201DDC4419D}.Debug|Any CPU.ActiveCfg = Debug|Any CPU
		{EE4B2B6C-05B4-4C4B-A685-A201DDC4419D}.Debug|Any CPU.Build.0 = Debug|Any CPU
		{EE4B2B6C-05B4-4C4B-A685-A201DDC4419D}.Release|Any CPU.ActiveCfg = Release|Any CPU
		{EE4B2B6C-05B4-4C4B-A685-A201DDC4419D}.Release|Any CPU.Build.0 = Release|Any CPU
		{7837709B-B6CF-4C1B-9016-4D01B6E4DA2F}.Debug|Any CPU.ActiveCfg = Debug|Any CPU
		{7837709B-B6CF-4C1B-9016-4D01B6E4DA2F}.Debug|Any CPU.Build.0 = Debug|Any CPU
		{7837709B-B6CF-4C1B-9016-4D01B6E4DA2F}.Release|Any CPU.ActiveCfg = Release|Any CPU
		{7837709B-B6CF-4C1B-9016-4D01B6E4DA2F}.Release|Any CPU.Build.0 = Release|Any CPU
	EndGlobalSection
	GlobalSection(SolutionProperties) = preSolution
		HideSolutionNode = FALSE
	EndGlobalSection
	GlobalSection(ExtensibilityGlobals) = postSolution
		SolutionGuid = {238D0F10-360C-48FD-9F2C-4A4604B6E0E0}
	EndGlobalSection
EndGlobal
